
Microsoft Visual Studio Solution File, Format Version 12.00
# Visual Studio Version 17
VisualStudioVersion = 17.14.37111.16 d17.14
MinimumVisualStudioVersion = 10.0.40219.1
Project("{FAE04EC0-301F-11D3-BF4B-00C04F79EFBC}") = "ASTAR", "ASTAR\ASTAR.csproj", "{B3AFC039-D9A5-41D7-A544-FDB27E022ED5}"
EndProject
Global
	GlobalSection(SolutionConfigurationPlatforms) = preSolution
		Debug|Any CPU = Debug|Any CPU
		Release|Any CPU = Release|Any CPU
	EndGlobalSection
	GlobalSection(ProjectConfigurationPlatforms) = postSolution
		{B3AFC039-D9A5-41D7-A544-FDB27E022ED5}.Debug|Any CPU.ActiveCfg = Debug|Any CPU
		{B3AFC039-D9A5-41D7-A544-FDB27E022ED5}.Debug|Any CPU.Build.0 = Debug|Any CPU
		{B3AFC039-D9A5-41D7-A544-FDB27E022ED5}.Release|Any CPU.ActiveCfg = Release|Any CPU
		{B3AFC039-D9A5-41D7-A544-FDB27E022ED5}.Release|Any CPU.Build.0 = Release|Any CPU
	EndGlobalSection
	GlobalSection(SolutionProperties) = preSolution
		HideSolutionNode = FALSE
	EndGlobalSection
	GlobalSection(ExtensibilityGlobals) = postSolution
		SolutionGuid = {FAA8E1FF-6672-4A38-822D-A01BFF952218}
	EndGlobalSection
EndGlobal
